PODS:
  - Sparkle (1.22.0)
  - SQLite.swift (0.12.2):
    - SQLite.swift/standard (= 0.12.2)
  - SQLite.swift/standard (0.12.2)

DEPENDENCIES:
  - Sparkle
  - SQLite.swift

SPEC REPOS:
  trunk:
    - Sparkle
    - SQLite.swift

SPEC CHECKSUMS:
  Sparkle: 593ac2e677c07bcb6c3b22d621240e7cbedaab57
  SQLite.swift: d2b4642190917051ce6bd1d49aab565fe794eea3

PODFILE CHECKSUM: 25618fe46d4c7ace8a7bb7291c22aad2e38409b9

COCOAPODS: 1.8.4
